
Microsoft Visual Studio Solution File, Format Version 12.00
# Visual Studio Version 17
VisualStudioVersion = 17.5.33424.131
MinimumVisualStudioVersion = 10.0.40219.1
Project("{FAE04EC0-301F-11D3-BF4B-00C04F79EFBC}") = "BookService.DAL", "BookService.DAL\BookService.DAL.csproj", "{3679931C-54EB-4BCE-A77D-8AC34E5250EC}"
EndProject
Project("{FAE04EC0-301F-11D3-BF4B-00C04F79EFBC}") = "BookService.BLL", "BookService.BLL\BookService.BLL.csproj", "{D2DC7370-5EB6-4BF0-A786-565B34265A91}"
EndProject
Project("{FAE04EC0-301F-11D3-BF4B-00C04F79EFBC}") = "BookService.Api", "BookService.Api\BookService.Api.csproj", "{BED064D5-167E-4C31-94E9-E22B13BFAC17}"
EndProject
Global
	GlobalSection(SolutionConfigurationPlatforms) = preSolution
		Debug|Any CPU = Debug|Any CPU
		Release|Any CPU = Release|Any CPU
	EndGlobalSection
	GlobalSection(ProjectConfigurationPlatforms) = postSolution
		{3679931C-54EB-4BCE-A77D-8AC34E5250EC}.Debug|Any CPU.ActiveCfg = Debug|Any CPU
		{3679931C-54EB-4BCE-A77D-8AC34E5250EC}.Debug|Any CPU.Build.0 = Debug|Any CPU
		{3679931C-54EB-4BCE-A77D-8AC34E5250EC}.Release|Any CPU.ActiveCfg = Release|Any CPU
		{3679931C-54EB-4BCE-A77D-8AC34E5250EC}.Release|Any CPU.Build.0 = Release|Any CPU
		{D2DC7370-5EB6-4BF0-A786-565B34265A91}.Debug|Any CPU.ActiveCfg = Debug|Any CPU
		{D2DC7370-5EB6-4BF0-A786-565B34265A91}.Debug|Any CPU.Build.0 = Debug|Any CPU
		{D2DC7370-5EB6-4BF0-A786-565B34265A91}.Release|Any CPU.ActiveCfg = Release|Any CPU
		{D2DC7370-5EB6-4BF0-A786-565B34265A91}.Release|Any CPU.Build.0 = Release|Any CPU
		{BED064D5-167E-4C31-94E9-E22B13BFAC17}.Debug|Any CPU.ActiveCfg = Debug|Any CPU
		{BED064D5-167E-4C31-94E9-E22B13BFAC17}.Debug|Any CPU.Build.0 = Debug|Any CPU
		{BED064D5-167E-4C31-94E9-E22B13BFAC17}.Release|Any CPU.ActiveCfg = Release|Any CPU
		{BED064D5-167E-4C31-94E9-E22B13BFAC17}.Release|Any CPU.Build.0 = Release|Any CPU
	EndGlobalSection
	GlobalSection(SolutionProperties) = preSolution
		HideSolutionNode = FALSE
	EndGlobalSection
	GlobalSection(ExtensibilityGlobals) = postSolution
		SolutionGuid = {E681F3A8-FCE9-4C61-9EEF-41B8C5D2C251}
	EndGlobalSection
EndGlobal
