dependencies:
- name: postgresql
  repository: https://charts.bitnami.com/bitnami
  version: 12.5.4
- name: common
  repository: file://charts/common
  version: 0.1.0
- name: books-aoi
  repository: file://charts/BookService
  version: 0.1.0
digest: sha256:024dd6261a2326047d47899805b3f66700c362fce17de3bcb4cb26bdbdddb24d
generated: "2023-05-26T17:11:18.2562121+03:00"
